
Microsoft Visual Studio Solution File, Format Version 12.00
# Visual Studio Version 17
VisualStudioVersion = 17.11.35312.102
MinimumVisualStudioVersion = 10.0.40219.1
Project("{FAE04EC0-301F-11D3-BF4B-00C04F79EFBC}") = "multiplication table", "multiplication table\multiplication table.csproj", "{3827090D-9B9F-4FD2-A6E2-FF3D26702B35}"
EndProject
Global
	GlobalSection(SolutionConfigurationPlatforms) = preSolution
		Debug|Any CPU = Debug|Any CPU
		Release|Any CPU = Release|Any CPU
	EndGlobalSection
	GlobalSection(ProjectConfigurationPlatforms) = postSolution
		{3827090D-9B9F-4FD2-A6E2-FF3D26702B35}.Debug|Any CPU.ActiveCfg = Debug|Any CPU
		{3827090D-9B9F-4FD2-A6E2-FF3D26702B35}.Debug|Any CPU.Build.0 = Debug|Any CPU
		{3827090D-9B9F-4FD2-A6E2-FF3D26702B35}.Release|Any CPU.ActiveCfg = Release|Any CPU
		{3827090D-9B9F-4FD2-A6E2-FF3D26702B35}.Release|Any CPU.Build.0 = Release|Any CPU
	EndGlobalSection
	GlobalSection(SolutionProperties) = preSolution
		HideSolutionNode = FALSE
	EndGlobalSection
	GlobalSection(ExtensibilityGlobals) = postSolution
		SolutionGuid = {343FA5BC-0FF3-4A6F-A09B-B403DC484319}
	EndGlobalSection
EndGlobal
