
Microsoft Visual Studio Solution File, Format Version 12.00
# Visual Studio Version 17
VisualStudioVersion = 17.11.35312.102
MinimumVisualStudioVersion = 10.0.40219.1
Project("{FAE04EC0-301F-11D3-BF4B-00C04F79EFBC}") = "Lottery", "Lottery\Lottery.csproj", "{B4BD9870-9D33-4714-9809-943D10034A0D}"
EndProject
Global
	GlobalSection(SolutionConfigurationPlatforms) = preSolution
		Debug|Any CPU = Debug|Any CPU
		Release|Any CPU = Release|Any CPU
	EndGlobalSection
	GlobalSection(ProjectConfigurationPlatforms) = postSolution
		{B4BD9870-9D33-4714-9809-943D10034A0D}.Debug|Any CPU.ActiveCfg = Debug|Any CPU
		{B4BD9870-9D33-4714-9809-943D10034A0D}.Debug|Any CPU.Build.0 = Debug|Any CPU
		{B4BD9870-9D33-4714-9809-943D10034A0D}.Release|Any CPU.ActiveCfg = Release|Any CPU
		{B4BD9870-9D33-4714-9809-943D10034A0D}.Release|Any CPU.Build.0 = Release|Any CPU
	EndGlobalSection
	GlobalSection(SolutionProperties) = preSolution
		HideSolutionNode = FALSE
	EndGlobalSection
	GlobalSection(ExtensibilityGlobals) = postSolution
		SolutionGuid = {A4C5F085-D61B-43BF-AC43-379ED609C96E}
	EndGlobalSection
EndGlobal
