
Microsoft Visual Studio Solution File, Format Version 12.00
# Visual Studio Version 17
VisualStudioVersion = 17.11.35312.102
MinimumVisualStudioVersion = 10.0.40219.1
Project("{FAE04EC0-301F-11D3-BF4B-00C04F79EFBC}") = "all the tables 2", "all the tables 2\all the tables 2.csproj", "{BE42B332-C833-4B2A-A6EF-3DB5F6C3FCF5}"
EndProject
Global
	GlobalSection(SolutionConfigurationPlatforms) = preSolution
		Debug|Any CPU = Debug|Any CPU
		Release|Any CPU = Release|Any CPU
	EndGlobalSection
	GlobalSection(ProjectConfigurationPlatforms) = postSolution
		{BE42B332-C833-4B2A-A6EF-3DB5F6C3FCF5}.Debug|Any CPU.ActiveCfg = Debug|Any CPU
		{BE42B332-C833-4B2A-A6EF-3DB5F6C3FCF5}.Debug|Any CPU.Build.0 = Debug|Any CPU
		{BE42B332-C833-4B2A-A6EF-3DB5F6C3FCF5}.Release|Any CPU.ActiveCfg = Release|Any CPU
		{BE42B332-C833-4B2A-A6EF-3DB5F6C3FCF5}.Release|Any CPU.Build.0 = Release|Any CPU
	EndGlobalSection
	GlobalSection(SolutionProperties) = preSolution
		HideSolutionNode = FALSE
	EndGlobalSection
	GlobalSection(ExtensibilityGlobals) = postSolution
		SolutionGuid = {59DC7614-B849-410E-B48A-C513CA6560ED}
	EndGlobalSection
EndGlobal
